schema: '2.0'
stages:
  run_eda:
    cmd: python notebooks/eda-task1.py
    deps:
    - path: data/MachineLearningRating_v3.txt
      hash: md5
      md5: f6b7009b68ae21372b7deca9307fbb23
      size: 529363713
    - path: notebooks/eda-task1.py
      hash: md5
      md5: 747bf86db08cb0f49ced4e1ffa807561
      size: 2522
    outs:
    - path: notebooks/eda_outputs
      hash: md5
      md5: 0ef152d240ac3a55514b28825bbfcbd5.dir
      size: 8281
      nfiles: 7
  eda:
    cmd: python notebooks/eda-task1.py
    deps:
    - path: data/raw/MachineLearningRating_v3.txt
      hash: md5
      md5: f6b7009b68ae21372b7deca9307fbb23
      size: 529363713
    - path: notebooks/eda-task1.py
      hash: md5
      md5: 88709d1f04b68f86e2deaad502f0ca58
      size: 4815
    outs:
    - path: artifacts/plots/bivariate
      hash: md5
      md5: 4d874fd8dfba4b5211509600408c0592.dir
      size: 84306
      nfiles: 3
    - path: artifacts/plots/multivariate
      hash: md5
      md5: 3e3f243f859cf06f0af37b09b6c39493.dir
      size: 24212
      nfiles: 1
    - path: artifacts/plots/univariate
      hash: md5
      md5: d0e1665f724b46de1f7209f92b381122.dir
      size: 83265
      nfiles: 6
    - path: artifacts/reports/correlation_matrix.csv
      hash: md5
      md5: 13090285fa96e00e88de41297722eb47
      size: 205
    - path: artifacts/reports/outlier_summary.csv
      hash: md5
      md5: 4a6f017a5b435472894bdf8e2d13859c
      size: 219
